
Microsoft Visual Studio Solution File, Format Version 12.00
# Visual Studio Version 16
VisualStudioVersion = 16.0.29009.5
MinimumVisualStudioVersion = 10.0.40219.1
Project("{9A19103F-16F7-4668-BE54-9A1E7A4F7556}") = "VNADS", "VNADS\VNADS.csproj", "{31D96693-18F0-4977-984C-414DDA369C21}"
EndProject
Project("{9A19103F-16F7-4668-BE54-9A1E7A4F7556}") = "Data", "Data\Data.csproj", "{A8142E1F-8C10-40D9-9C83-2F7E88F81634}"
EndProject
Project("{9A19103F-16F7-4668-BE54-9A1E7A4F7556}") = "IoC", "IoC\IoC.csproj", "{B9508402-A177-4D70-AF9E-6694C48A30C1}"
EndProject
Project("{9A19103F-16F7-4668-BE54-9A1E7A4F7556}") = "Services", "Services\Services.csproj", "{1106AD7C-1125-4468-A54F-526FEF47813C}"
EndProject
Project("{E53339B2-1760-4266-BCC7-CA923CBCF16C}") = "docker-compose", "docker-compose.dcproj", "{C87ACB97-9657-401F-A4DE-179D53055486}"
EndProject
Global
	GlobalSection(SolutionConfigurationPlatforms) = preSolution
		Debug|Any CPU = Debug|Any CPU
		Release|Any CPU = Release|Any CPU
	EndGlobalSection
	GlobalSection(ProjectConfigurationPlatforms) = postSolution
		{31D96693-18F0-4977-984C-414DDA369C21}.Debug|Any CPU.ActiveCfg = Debug|Any CPU
		{31D96693-18F0-4977-984C-414DDA369C21}.Debug|Any CPU.Build.0 = Debug|Any CPU
		{31D96693-18F0-4977-984C-414DDA369C21}.Release|Any CPU.ActiveCfg = Release|Any CPU
		{31D96693-18F0-4977-984C-414DDA369C21}.Release|Any CPU.Build.0 = Release|Any CPU
		{A8142E1F-8C10-40D9-9C83-2F7E88F81634}.Debug|Any CPU.ActiveCfg = Debug|Any CPU
		{A8142E1F-8C10-40D9-9C83-2F7E88F81634}.Debug|Any CPU.Build.0 = Debug|Any CPU
		{A8142E1F-8C10-40D9-9C83-2F7E88F81634}.Release|Any CPU.ActiveCfg = Release|Any CPU
		{A8142E1F-8C10-40D9-9C83-2F7E88F81634}.Release|Any CPU.Build.0 = Release|Any CPU
		{B9508402-A177-4D70-AF9E-6694C48A30C1}.Debug|Any CPU.ActiveCfg = Debug|Any CPU
		{B9508402-A177-4D70-AF9E-6694C48A30C1}.Debug|Any CPU.Build.0 = Debug|Any CPU
		{B9508402-A177-4D70-AF9E-6694C48A30C1}.Release|Any CPU.ActiveCfg = Release|Any CPU
		{B9508402-A177-4D70-AF9E-6694C48A30C1}.Release|Any CPU.Build.0 = Release|Any CPU
		{1106AD7C-1125-4468-A54F-526FEF47813C}.Debug|Any CPU.ActiveCfg = Debug|Any CPU
		{1106AD7C-1125-4468-A54F-526FEF47813C}.Debug|Any CPU.Build.0 = Debug|Any CPU
		{1106AD7C-1125-4468-A54F-526FEF47813C}.Release|Any CPU.ActiveCfg = Release|Any CPU
		{1106AD7C-1125-4468-A54F-526FEF47813C}.Release|Any CPU.Build.0 = Release|Any CPU
		{C87ACB97-9657-401F-A4DE-179D53055486}.Debug|Any CPU.ActiveCfg = Debug|Any CPU
		{C87ACB97-9657-401F-A4DE-179D53055486}.Debug|Any CPU.Build.0 = Debug|Any CPU
		{C87ACB97-9657-401F-A4DE-179D53055486}.Release|Any CPU.ActiveCfg = Release|Any CPU
		{C87ACB97-9657-401F-A4DE-179D53055486}.Release|Any CPU.Build.0 = Release|Any CPU
	EndGlobalSection
	GlobalSection(SolutionProperties) = preSolution
		HideSolutionNode = FALSE
	EndGlobalSection
	GlobalSection(ExtensibilityGlobals) = postSolution
		SolutionGuid = {70BC6981-0496-4F8D-9BE7-E01C39A2BCB2}
	EndGlobalSection
EndGlobal
